{
  "version": 4,
  "terraform_version": "1.2.2",
  "serial": 35,
  "lineage": "50650197-87a6-e593-1149-4c0990201a93",
  "outputs": {},
  "resources": [
    {
      "module": "module.test_module",
      "mode": "managed",
      "type": "yandex_compute_instance",
      "name": "test_module",
      "provider": "provider[\"registry.terraform.io/yandex-cloud/yandex\"]",
      "instances": [
        {
          "schema_version": 1,
          "attributes": {
            "allow_recreate": null,
            "allow_stopping_for_update": null,
            "boot_disk": [
              {
                "auto_delete": true,
                "device_name": "fhmgv4fpgc475lc0naoo",
                "disk_id": "fhmgv4fpgc475lc0naoo",
                "initialize_params": [
                  {
                    "block_size": 4096,
                    "description": "",
                    "image_id": "fd8huthm018j2kafdk4p",
                    "name": "",
                    "size": 3,
                    "snapshot_id": "",
                    "type": "network-hdd"
                  }
                ],
                "mode": "READ_WRITE"
              }
            ],
            "created_at": "2022-06-26T16:47:21Z",
            "description": "",
            "folder_id": "b1gsekmk6se4akur9bl3",
            "fqdn": "fhm45jbmhnedk7qvkkpf.auto.internal",
            "hostname": "fhm45jbmhnedk7qvkkpf",
            "id": "fhm45jbmhnedk7qvkkpf",
            "labels": null,
            "metadata": {
              "ssh-keys": "ubuntu:ssh-rsa AAAAB3NzaC1yc2EAAAADAQABAAABgQDL8b2RZHWbMobxP8MbPznaM6jAeT2+61aT2/D90wSjGG8KoGFyCMKhu3O+0YiAM+A5Q5aACVxz0tIB+GfzfX1WJunqtezwtejoDQ0ZB8yfy2YI5pWKsJw0kcuX6ZcLl6uz2NThhTwlvVuGvaD4vYAGbKyDomgefmQXYEvnnQMbu+IUuAEKU+IXs04YwQQWM7gSichJfxOXzT7QRT0ExBOG7S3+HhCtgJMe0cOSBUzU+JKgDsup6LaRsfHW6DRn8Vrq1ILnoUEdZW56pB/9DShBHozdqhC89hH0t/Km37gFZdvoJrC4/9p8RM2uD2rB/GmNxEOlcLGMoIVzF4HDRnDbgwBxNQjQYMS500+cDVv5jQOZTJEpkjy62m/lpR8IwqFChywrqKV1Hiit+y1qCdZcLgGCiDfCZM2UZks7H+RegGzdy0rts6TTXuu+IROFWuDh0rCUlmhh0G9OdKUde2XpcGsb7AkHn1aSAb0i7HC1paneKBz/LMjIJh1IZ6+si9M= artem@Main\n"
            },
            "name": "terraform1",
            "network_acceleration_type": "standard",
            "network_interface": [
              {
                "dns_record": [],
                "index": 0,
                "ip_address": "192.168.10.16",
                "ipv4": true,
                "ipv6": false,
                "ipv6_address": "",
                "ipv6_dns_record": [],
                "mac_address": "d0:0d:42:cd:76:8d",
                "nat": true,
                "nat_dns_record": [],
                "nat_ip_address": "51.250.68.22",
                "nat_ip_version": "IPV4",
                "security_group_ids": [],
                "subnet_id": "e9b4isufhf1ih850dtkm"
              }
            ],
            "placement_policy": [
              {
                "host_affinity_rules": [],
                "placement_group_id": ""
              }
            ],
            "platform_id": "standard-v1",
            "resources": [
              {
                "core_fraction": 100,
                "cores": 2,
                "gpus": 0,
                "memory": 2
              }
            ],
            "scheduling_policy": [
              {
                "preemptible": false
              }
            ],
            "secondary_disk": [],
            "service_account_id": "",
            "status": "running",
            "timeouts": null,
            "zone": "ru-central1-a"
          },
          "sensitive_attributes": [],
          "private": "eyJlMmJmYjczMC1lY2FhLTExZTYtOGY4OC0zNDM2M2JjN2M0YzAiOnsiY3JlYXRlIjozMDAwMDAwMDAwMDAsImRlbGV0ZSI6MzAwMDAwMDAwMDAwLCJ1cGRhdGUiOjMwMDAwMDAwMDAwMH0sInNjaGVtYV92ZXJzaW9uIjoiMSJ9",
          "dependencies": [
            "module.test_module.yandex_vpc_network.network-1",
            "module.test_module.yandex_vpc_subnet.subnet-1"
          ]
        }
      ]
    },
    {
      "module": "module.test_module",
      "mode": "managed",
      "type": "yandex_vpc_network",
      "name": "network-1",
      "provider": "provider[\"registry.terraform.io/yandex-cloud/yandex\"]",
      "instances": [
        {
          "schema_version": 0,
          "attributes": {
            "created_at": "2022-06-26T16:47:18Z",
            "default_security_group_id": "",
            "description": "",
            "folder_id": "b1gsekmk6se4akur9bl3",
            "id": "enpofftav8b0k9felkvr",
            "labels": {},
            "name": "network1",
            "subnet_ids": [],
            "timeouts": null
          },
          "sensitive_attributes": [],
          "private": "eyJlMmJmYjczMC1lY2FhLTExZTYtOGY4OC0zNDM2M2JjN2M0YzAiOnsiY3JlYXRlIjo2MDAwMDAwMDAwMCwiZGVsZXRlIjo2MDAwMDAwMDAwMCwidXBkYXRlIjo2MDAwMDAwMDAwMH19"
        }
      ]
    },
    {
      "module": "module.test_module",
      "mode": "managed",
      "type": "yandex_vpc_subnet",
      "name": "subnet-1",
      "provider": "provider[\"registry.terraform.io/yandex-cloud/yandex\"]",
      "instances": [
        {
          "schema_version": 0,
          "attributes": {
            "created_at": "2022-06-26T16:47:19Z",
            "description": "",
            "dhcp_options": [],
            "folder_id": "b1gsekmk6se4akur9bl3",
            "id": "e9b4isufhf1ih850dtkm",
            "labels": {},
            "name": "subnet1",
            "network_id": "enpofftav8b0k9felkvr",
            "route_table_id": "",
            "timeouts": null,
            "v4_cidr_blocks": [
              "192.168.10.0/24"
            ],
            "v6_cidr_blocks": [],
            "zone": "ru-central1-a"
          },
          "sensitive_attributes": [],
          "private": "eyJlMmJmYjczMC1lY2FhLTExZTYtOGY4OC0zNDM2M2JjN2M0YzAiOnsiY3JlYXRlIjoxODAwMDAwMDAwMDAsImRlbGV0ZSI6MTgwMDAwMDAwMDAwLCJ1cGRhdGUiOjE4MDAwMDAwMDAwMH19",
          "dependencies": [
            "module.test_module.yandex_vpc_network.network-1"
          ]
        }
      ]
    }
  ]
}
